
Microsoft Visual Studio Solution File, Format Version 12.00
# Visual Studio 15
VisualStudioVersion = 15.0.27130.2036
MinimumVisualStudioVersion = 10.0.40219.1
Project("{9A19103F-16F7-4668-BE54-9A1E7A4F7556}") = "KanjiApp", "KanjiApp\KanjiApp\KanjiApp.csproj", "{7C90D2B6-EE5D-462E-B098-45341838981F}"
EndProject
Project("{FAE04EC0-301F-11D3-BF4B-00C04F79EFBC}") = "KanjiApp.Android", "KanjiApp\KanjiApp.Android\KanjiApp.Android.csproj", "{099E12A9-E069-4CD3-94A2-F67558F5EE18}"
EndProject
Project("{FAE04EC0-301F-11D3-BF4B-00C04F79EFBC}") = "KanjiApp.iOS", "KanjiApp\KanjiApp.iOS\KanjiApp.iOS.csproj", "{4ACCB292-3A0F-4544-A9EA-4D4B066D37BC}"
EndProject
Global
	GlobalSection(SolutionConfigurationPlatforms) = preSolution
		Ad-Hoc|Any CPU = Ad-Hoc|Any CPU
		Ad-Hoc|iPhone = Ad-Hoc|iPhone
		Ad-Hoc|iPhoneSimulator = Ad-Hoc|iPhoneSimulator
		AppStore|Any CPU = AppStore|Any CPU
		AppStore|iPhone = AppStore|iPhone
		AppStore|iPhoneSimulator = AppStore|iPhoneSimulator
		Debug|Any CPU = Debug|Any CPU
		Debug|iPhone = Debug|iPhone
		Debug|iPhoneSimulator = Debug|iPhoneSimulator
		Release|Any CPU = Release|Any CPU
		Release|iPhone = Release|iPhone
		Release|iPhoneSimulator = Release|iPhoneSimulator
	EndGlobalSection
	GlobalSection(ProjectConfigurationPlatforms) = postSolution
		{7C90D2B6-EE5D-462E-B098-45341838981F}.Ad-Hoc|Any CPU.ActiveCfg = Debug|Any CPU
		{7C90D2B6-EE5D-462E-B098-45341838981F}.Ad-Hoc|Any CPU.Build.0 = Debug|Any CPU
		{7C90D2B6-EE5D-462E-B098-45341838981F}.Ad-Hoc|iPhone.ActiveCfg = Debug|Any CPU
		{7C90D2B6-EE5D-462E-B098-45341838981F}.Ad-Hoc|iPhone.Build.0 = Debug|Any CPU
		{7C90D2B6-EE5D-462E-B098-45341838981F}.Ad-Hoc|iPhoneSimulator.ActiveCfg = Debug|Any CPU
		{7C90D2B6-EE5D-462E-B098-45341838981F}.Ad-Hoc|iPhoneSimulator.Build.0 = Debug|Any CPU
		{7C90D2B6-EE5D-462E-B098-45341838981F}.AppStore|Any CPU.ActiveCfg = Debug|Any CPU
		{7C90D2B6-EE5D-462E-B098-45341838981F}.AppStore|Any CPU.Build.0 = Debug|Any CPU
		{7C90D2B6-EE5D-462E-B098-45341838981F}.AppStore|iPhone.ActiveCfg = Debug|Any CPU
		{7C90D2B6-EE5D-462E-B098-45341838981F}.AppStore|iPhone.Build.0 = Debug|Any CPU
		{7C90D2B6-EE5D-462E-B098-45341838981F}.AppStore|iPhoneSimulator.ActiveCfg = Debug|Any CPU
		{7C90D2B6-EE5D-462E-B098-45341838981F}.AppStore|iPhoneSimulator.Build.0 = Debug|Any CPU
		{7C90D2B6-EE5D-462E-B098-45341838981F}.Debug|Any CPU.ActiveCfg = Debug|Any CPU
		{7C90D2B6-EE5D-462E-B098-45341838981F}.Debug|Any CPU.Build.0 = Debug|Any CPU
		{7C90D2B6-EE5D-462E-B098-45341838981F}.Debug|iPhone.ActiveCfg = Debug|Any CPU
		{7C90D2B6-EE5D-462E-B098-45341838981F}.Debug|iPhone.Build.0 = Debug|Any CPU
		{7C90D2B6-EE5D-462E-B098-45341838981F}.Debug|iPhoneSimulator.ActiveCfg = Debug|Any CPU
		{7C90D2B6-EE5D-462E-B098-45341838981F}.Debug|iPhoneSimulator.Build.0 = Debug|Any CPU
		{7C90D2B6-EE5D-462E-B098-45341838981F}.Release|Any CPU.ActiveCfg = Release|Any CPU
		{7C90D2B6-EE5D-462E-B098-45341838981F}.Release|Any CPU.Build.0 = Release|Any CPU
		{7C90D2B6-EE5D-462E-B098-45341838981F}.Release|iPhone.ActiveCfg = Release|Any CPU
		{7C90D2B6-EE5D-462E-B098-45341838981F}.Release|iPhone.Build.0 = Release|Any CPU
		{7C90D2B6-EE5D-462E-B098-45341838981F}.Release|iPhoneSimulator.ActiveCfg = Release|Any CPU
		{7C90D2B6-EE5D-462E-B098-45341838981F}.Release|iPhoneSimulator.Build.0 = Release|Any CPU
		{099E12A9-E069-4CD3-94A2-F67558F5EE18}.Ad-Hoc|Any CPU.ActiveCfg = Release|Any CPU
		{099E12A9-E069-4CD3-94A2-F67558F5EE18}.Ad-Hoc|Any CPU.Build.0 = Release|Any CPU
		{099E12A9-E069-4CD3-94A2-F67558F5EE18}.Ad-Hoc|Any CPU.Deploy.0 = Release|Any CPU
		{099E12A9-E069-4CD3-94A2-F67558F5EE18}.Ad-Hoc|iPhone.ActiveCfg = Release|Any CPU
		{099E12A9-E069-4CD3-94A2-F67558F5EE18}.Ad-Hoc|iPhone.Build.0 = Release|Any CPU
		{099E12A9-E069-4CD3-94A2-F67558F5EE18}.Ad-Hoc|iPhone.Deploy.0 = Release|Any CPU
		{099E12A9-E069-4CD3-94A2-F67558F5EE18}.Ad-Hoc|iPhoneSimulator.ActiveCfg = Release|Any CPU
		{099E12A9-E069-4CD3-94A2-F67558F5EE18}.Ad-Hoc|iPhoneSimulator.Build.0 = Release|Any CPU
		{099E12A9-E069-4CD3-94A2-F67558F5EE18}.Ad-Hoc|iPhoneSimulator.Deploy.0 = Release|Any CPU
		{099E12A9-E069-4CD3-94A2-F67558F5EE18}.AppStore|Any CPU.ActiveCfg = Release|Any CPU
		{099E12A9-E069-4CD3-94A2-F67558F5EE18}.AppStore|Any CPU.Build.0 = Release|Any CPU
		{099E12A9-E069-4CD3-94A2-F67558F5EE18}.AppStore|Any CPU.Deploy.0 = Release|Any CPU
		{099E12A9-E069-4CD3-94A2-F67558F5EE18}.AppStore|iPhone.ActiveCfg = Release|Any CPU
		{099E12A9-E069-4CD3-94A2-F67558F5EE18}.AppStore|iPhone.Build.0 = Release|Any CPU
		{099E12A9-E069-4CD3-94A2-F67558F5EE18}.AppStore|iPhone.Deploy.0 = Release|Any CPU
		{099E12A9-E069-4CD3-94A2-F67558F5EE18}.AppStore|iPhoneSimulator.ActiveCfg = Release|Any CPU
		{099E12A9-E069-4CD3-94A2-F67558F5EE18}.AppStore|iPhoneSimulator.Build.0 = Release|Any CPU
		{099E12A9-E069-4CD3-94A2-F67558F5EE18}.AppStore|iPhoneSimulator.Deploy.0 = Release|Any CPU
		{099E12A9-E069-4CD3-94A2-F67558F5EE18}.Debug|Any CPU.ActiveCfg = Debug|Any CPU
		{099E12A9-E069-4CD3-94A2-F67558F5EE18}.Debug|Any CPU.Build.0 = Debug|Any CPU
		{099E12A9-E069-4CD3-94A2-F67558F5EE18}.Debug|Any CPU.Deploy.0 = Debug|Any CPU
		{099E12A9-E069-4CD3-94A2-F67558F5EE18}.Debug|iPhone.ActiveCfg = Debug|Any CPU
		{099E12A9-E069-4CD3-94A2-F67558F5EE18}.Debug|iPhone.Build.0 = Debug|Any CPU
		{099E12A9-E069-4CD3-94A2-F67558F5EE18}.Debug|iPhone.Deploy.0 = Debug|Any CPU
		{099E12A9-E069-4CD3-94A2-F67558F5EE18}.Debug|iPhoneSimulator.ActiveCfg = Debug|Any CPU
		{099E12A9-E069-4CD3-94A2-F67558F5EE18}.Debug|iPhoneSimulator.Build.0 = Debug|Any CPU
		{099E12A9-E069-4CD3-94A2-F67558F5EE18}.Debug|iPhoneSimulator.Deploy.0 = Debug|Any CPU
		{099E12A9-E069-4CD3-94A2-F67558F5EE18}.Release|Any CPU.ActiveCfg = Release|Any CPU
		{099E12A9-E069-4CD3-94A2-F67558F5EE18}.Release|Any CPU.Build.0 = Release|Any CPU
		{099E12A9-E069-4CD3-94A2-F67558F5EE18}.Release|Any CPU.Deploy.0 = Release|Any CPU
		{099E12A9-E069-4CD3-94A2-F67558F5EE18}.Release|iPhone.ActiveCfg = Release|Any CPU
		{099E12A9-E069-4CD3-94A2-F67558F5EE18}.Release|iPhone.Build.0 = Release|Any CPU
		{099E12A9-E069-4CD3-94A2-F67558F5EE18}.Release|iPhone.Deploy.0 = Release|Any CPU
		{099E12A9-E069-4CD3-94A2-F67558F5EE18}.Release|iPhoneSimulator.ActiveCfg = Release|Any CPU
		{099E12A9-E069-4CD3-94A2-F67558F5EE18}.Release|iPhoneSimulator.Build.0 = Release|Any CPU
		{099E12A9-E069-4CD3-94A2-F67558F5EE18}.Release|iPhoneSimulator.Deploy.0 = Release|Any CPU
		{4ACCB292-3A0F-4544-A9EA-4D4B066D37BC}.Ad-Hoc|Any CPU.ActiveCfg = Ad-Hoc|iPhone
		{4ACCB292-3A0F-4544-A9EA-4D4B066D37BC}.Ad-Hoc|iPhone.ActiveCfg = Ad-Hoc|iPhone
		{4ACCB292-3A0F-4544-A9EA-4D4B066D37BC}.Ad-Hoc|iPhone.Build.0 = Ad-Hoc|iPhone
		{4ACCB292-3A0F-4544-A9EA-4D4B066D37BC}.Ad-Hoc|iPhoneSimulator.ActiveCfg = Ad-Hoc|iPhoneSimulator
		{4ACCB292-3A0F-4544-A9EA-4D4B066D37BC}.Ad-Hoc|iPhoneSimulator.Build.0 = Ad-Hoc|iPhoneSimulator
		{4ACCB292-3A0F-4544-A9EA-4D4B066D37BC}.AppStore|Any CPU.ActiveCfg = AppStore|iPhone
		{4ACCB292-3A0F-4544-A9EA-4D4B066D37BC}.AppStore|iPhone.ActiveCfg = AppStore|iPhone
		{4ACCB292-3A0F-4544-A9EA-4D4B066D37BC}.AppStore|iPhone.Build.0 = AppStore|iPhone
		{4ACCB292-3A0F-4544-A9EA-4D4B066D37BC}.AppStore|iPhoneSimulator.ActiveCfg = AppStore|iPhoneSimulator
		{4ACCB292-3A0F-4544-A9EA-4D4B066D37BC}.AppStore|iPhoneSimulator.Build.0 = AppStore|iPhoneSimulator
		{4ACCB292-3A0F-4544-A9EA-4D4B066D37BC}.Debug|Any CPU.ActiveCfg = Debug|iPhone
		{4ACCB292-3A0F-4544-A9EA-4D4B066D37BC}.Debug|iPhone.ActiveCfg = Debug|iPhone
		{4ACCB292-3A0F-4544-A9EA-4D4B066D37BC}.Debug|iPhone.Build.0 = Debug|iPhone
		{4ACCB292-3A0F-4544-A9EA-4D4B066D37BC}.Debug|iPhoneSimulator.ActiveCfg = Debug|iPhoneSimulator
		{4ACCB292-3A0F-4544-A9EA-4D4B066D37BC}.Debug|iPhoneSimulator.Build.0 = Debug|iPhoneSimulator
		{4ACCB292-3A0F-4544-A9EA-4D4B066D37BC}.Release|Any CPU.ActiveCfg = Release|iPhone
		{4ACCB292-3A0F-4544-A9EA-4D4B066D37BC}.Release|iPhone.ActiveCfg = Release|iPhone
		{4ACCB292-3A0F-4544-A9EA-4D4B066D37BC}.Release|iPhone.Build.0 = Release|iPhone
		{4ACCB292-3A0F-4544-A9EA-4D4B066D37BC}.Release|iPhoneSimulator.ActiveCfg = Release|iPhoneSimulator
		{4ACCB292-3A0F-4544-A9EA-4D4B066D37BC}.Release|iPhoneSimulator.Build.0 = Release|iPhoneSimulator
	EndGlobalSection
	GlobalSection(SolutionProperties) = preSolution
		HideSolutionNode = FALSE
	EndGlobalSection
	GlobalSection(ExtensibilityGlobals) = postSolution
		SolutionGuid = {0A56B2F0-963C-45E9-A907-19F8A10C29F6}
	EndGlobalSection
EndGlobal
